{
  "name": "lottie-web",
  "lockfileVersion": 2,
  "requires": true,
  "packages": {
    "": {
      "dependencies": {
        "lottie-web": "^5.10.1"
      }
    },
    "node_modules/lottie-web": {
      "version": "5.10.1",
      "resolved": "https://registry.npmjs.org/lottie-web/-/lottie-web-5.10.1.tgz",
      "integrity": "sha512-u17bVNf/vA3oK9Wkyb1Vpo83WUIEQwaT0GeEN0qcvaExizyJ/RjmcbjSDj0CnwQCtpGqTgYhqprCC7cTWuXMNw=="
    }
  },
  "dependencies": {
    "lottie-web": {
      "version": "5.10.1",
      "resolved": "https://registry.npmjs.org/lottie-web/-/lottie-web-5.10.1.tgz",
      "integrity": "sha512-u17bVNf/vA3oK9Wkyb1Vpo83WUIEQwaT0GeEN0qcvaExizyJ/RjmcbjSDj0CnwQCtpGqTgYhqprCC7cTWuXMNw=="
    }
  }
}
